// !$*UTF8*$!
{
	archiveVersion = 1;
	classes = {
	};
	objectVersion = 46;
	objects = {

/* Begin PBXBuildFile section */
		9FFC3AFA15D879B50020D215 /* UIKit.framework in Frameworks */ = {isa = PBXBuildFile; fileRef = 9FFC3AF915D879B50020D215 /* UIKit.framework */; };
		9FFC3AFC15D879B50020D215 /* Foundation.framework in Frameworks */ = {isa = PBXBuildFile; fileRef = 9FFC3AFB15D879B50020D215 /* Foundation.framework */; };
		9FFC3AFE15D879B50020D215 /* CoreGraphics.framework in Frameworks */ = {isa = PBXBuildFile; fileRef = 9FFC3AFD15D879B50020D215 /* CoreGraphics.framework */; };
		9FFC3B0415D879B50020D215 /* InfoPlist.strings in Resources */ = {isa = PBXBuildFile; fileRef = 9FFC3B0215D879B50020D215 /* InfoPlist.strings */; };
		9FFC3B0615D879B50020D215 /* main.m in Sources */ = {isa = PBXBuildFile; fileRef = 9FFC3B0515D879B50020D215 /* main.m */; };
		9FFC3B0A15D879B50020D215 /* UCAppDelegate.m in Sources */ = {isa = PBXBuildFile; fileRef = 9FFC3B0915D879B50020D215 /* UCAppDelegate.m */; };
		9FFC3B0D15D879B50020D215 /* MainStoryboard.storyboard in Resources */ = {isa = PBXBuildFile; fileRef = 9FFC3B0B15D879B50020D215 /* MainStoryboard.storyboard */; };
		9FFC3B1015D879B50020D215 /* UCMasterViewController.m in Sources */ = {isa = PBXBuildFile; fileRef = 9FFC3B0F15D879B50020D215 /* UCMasterViewController.m */; };
		9FFC3B1315D879B50020D215 /* UCDetailViewController.m in Sources */ = {isa = PBXBuildFile; fileRef = 9FFC3B1215D879B50020D215 /* UCDetailViewController.m */; };
		9FFC3B1E15D87F1B0020D215 /* 74-location.png in Resources */ = {isa = PBXBuildFile; fileRef = 9FFC3B1D15D87F1B0020D215 /* 74-location.png */; };
/* End PBXBuildFile section */

/* Begin PBXFileReference section */
		9FFC3AF515D879B50020D215 /* UberCheckout.app */ = {isa = PBXFileReference; explicitFileType = wrapper.application; includeInIndex = 0; path = UberCheckout.app; sourceTree = BUILT_PRODUCTS_DIR; };
		9FFC3AF915D879B50020D215 /* UIKit.framework */ = {isa = PBXFileReference; lastKnownFileType = wrapper.framework; name = UIKit.framework; path = System/Library/Frameworks/UIKit.framework; sourceTree = SDKROOT; };
		9FFC3AFB15D879B50020D215 /* Foundation.framework */ = {isa = PBXFileReference; lastKnownFileType = wrapper.framework; name = Foundation.framework; path = System/Library/Frameworks/Foundation.framework; sourceTree = SDKROOT; };
		9FFC3AFD15D879B50020D215 /* CoreGraphics.framework */ = {isa = PBXFileReference; lastKnownFileType = wrapper.framework; name = CoreGraphics.framework; path = System/Library/Frameworks/CoreGraphics.framework; sourceTree = SDKROOT; };
		9FFC3B0115D879B50020D215 /* UberCheckout-Info.plist */ = {isa = PBXFileReference; lastKnownFileType = text.plist.xml; path = "UberCheckout-Info.plist"; sourceTree = "<group>"; };
		9FFC3B0315D879B50020D215 /* en */ = {isa = PBXFileReference; lastKnownFileType = text.plist.strings; name = en; path = en.lproj/InfoPlist.strings; sourceTree = "<group>"; };
		9FFC3B0515D879B50020D215 /* main.m */ = {isa = PBXFileReference; lastKnownFileType = sourcecode.c.objc; path = main.m; sourceTree = "<group>"; };
		9FFC3B0715D879B50020D215 /* UberCheckout-Prefix.pch */ = {isa = PBXFileReference; lastKnownFileType = sourcecode.c.h; path = "UberCheckout-Prefix.pch"; sourceTree = "<group>"; };
		9FFC3B0815D879B50020D215 /* UCAppDelegate.h */ = {isa = PBXFileReference; lastKnownFileType = sourcecode.c.h; path = UCAppDelegate.h; sourceTree = "<group>"; };
		9FFC3B0915D879B50020D215 /* UCAppDelegate.m */ = {isa = PBXFileReference; lastKnownFileType = sourcecode.c.objc; path = UCAppDelegate.m; sourceTree = "<group>"; };
		9FFC3B0C15D879B50020D215 /* en */ = {isa = PBXFileReference; lastKnownFileType = file.storyboard; name = en; path = en.lproj/MainStoryboard.storyboard; sourceTree = "<group>"; };
		9FFC3B0E15D879B50020D215 /* UCMasterViewController.h */ = {isa = PBXFileReference; lastKnownFileType = sourcecode.c.h; path = UCMasterViewController.h; sourceTree = "<group>"; };
		9FFC3B0F15D879B50020D215 /* UCMasterViewController.m */ = {isa = PBXFileReference; lastKnownFileType = sourcecode.c.objc; path = UCMasterViewController.m; sourceTree = "<group>"; };
		9FFC3B1115D879B50020D215 /* UCDetailViewController.h */ = {isa = PBXFileReference; lastKnownFileType = sourcecode.c.h; path = UCDetailViewController.h; sourceTree = "<group>"; };
		9FFC3B1215D879B50020D215 /* UCDetailViewController.m */ = {isa = PBXFileReference; lastKnownFileType = sourcecode.c.objc; path = UCDetailViewController.m; sourceTree = "<group>"; };
		9FFC3B1D15D87F1B0020D215 /* 74-location.png */ = {isa = PBXFileReference; lastKnownFileType = image.png; path = "74-location.png"; sourceTree = "<group>"; };
/* End PBXFileReference section */

/* Begin PBXFrameworksBuildPhase section */
		9FFC3AF215D879B50020D215 /* Frameworks */ = {
			isa = PBXFrameworksBuildPhase;
			buildActionMask = 2147483647;
			files = (
				9FFC3AFA15D879B50020D215 /* UIKit.framework in Frameworks */,
				9FFC3AFC15D879B50020D215 /* Foundation.framework in Frameworks */,
				9FFC3AFE15D879B50020D215 /* CoreGraphics.framework in Frameworks */,
			);
			runOnlyForDeploymentPostprocessing = 0;
		};
/* End PBXFrameworksBuildPhase section */

/* Begin PBXGroup section */
		9FFC3AEA15D879B50020D215 = {
			isa = PBXGroup;
			children = (
				9FFC3AFF15D879B50020D215 /* UberCheckout */,
				9FFC3AF815D879B50020D215 /* Frameworks */,
				9FFC3AF615D879B50020D215 /* Products */,
			);
			sourceTree = "<group>";
		};
		9FFC3AF615D879B50020D215 /* Products */ = {
			isa = PBXGroup;
			children = (
				9FFC3AF515D879B50020D215 /* UberCheckout.app */,
			);
			name = Products;
			sourceTree = "<group>";
		};
		9FFC3AF815D879B50020D215 /* Frameworks */ = {
			isa = PBXGroup;
			children = (
				9FFC3AF915D879B50020D215 /* UIKit.framework */,
				9FFC3AFB15D879B50020D215 /* Foundation.framework */,
				9FFC3AFD15D879B50020D215 /* CoreGraphics.framework */,
			);
			name = Frameworks;
			sourceTree = "<group>";
		};
		9FFC3AFF15D879B50020D215 /* UberCheckout */ = {
			isa = PBXGroup;
			children = (
				9FFC3B0815D879B50020D215 /* UCAppDelegate.h */,
				9FFC3B0915D879B50020D215 /* UCAppDelegate.m */,
				9FFC3B0B15D879B50020D215 /* MainStoryboard.storyboard */,
				9FFC3B0E15D879B50020D215 /* UCMasterViewController.h */,
				9FFC3B0F15D879B50020D215 /* UCMasterViewController.m */,
				9FFC3B1115D879B50020D215 /* UCDetailViewController.h */,
				9FFC3B1215D879B50020D215 /* UCDetailViewController.m */,
				9FFC3B2015D87F240020D215 /* Resources */,
				9FFC3B0015D879B50020D215 /* Supporting Files */,
			);
			path = UberCheckout;
			sourceTree = "<group>";
		};
		9FFC3B0015D879B50020D215 /* Supporting Files */ = {
			isa = PBXGroup;
			children = (
				9FFC3B0115D879B50020D215 /* UberCheckout-Info.plist */,
				9FFC3B0215D879B50020D215 /* InfoPlist.strings */,
				9FFC3B0515D879B50020D215 /* main.m */,
				9FFC3B0715D879B50020D215 /* UberCheckout-Prefix.pch */,
			);
			name = "Supporting Files";
			sourceTree = "<group>";
		};
		9FFC3B2015D87F240020D215 /* Resources */ = {
			isa = PBXGroup;
			children = (
				9FFC3B1D15D87F1B0020D215 /* 74-location.png */,
			);
			name = Resources;
			sourceTree = "<group>";
		};
/* End PBXGroup section */

/* Begin PBXNativeTarget section */
		9FFC3AF415D879B50020D215 /* UberCheckout */ = {
			isa = PBXNativeTarget;
			buildConfigurationList = 9FFC3B1615D879B50020D215 /* Build configuration list for PBXNativeTarget "UberCheckout" */;
			buildPhases = (
				9FFC3AF115D879B50020D215 /* Sources */,
				9FFC3AF215D879B50020D215 /* Frameworks */,
				9FFC3AF315D879B50020D215 /* Resources */,
			);
			buildRules = (
			);
			dependencies = (
			);
			name = UberCheckout;
			productName = UberCheckout;
			productReference = 9FFC3AF515D879B50020D215 /* UberCheckout.app */;
			productType = "com.apple.product-type.application";
		};
/* End PBXNativeTarget section */

/* Begin PBXProject section */
		9FFC3AEC15D879B50020D215 /* Project object */ = {
			isa = PBXProject;
			attributes = {
				CLASSPREFIX = UC;
				LastUpgradeCheck = 0440;
				ORGANIZATIONNAME = "Yaxi Ye";
			};
			buildConfigurationList = 9FFC3AEF15D879B50020D215 /* Build configuration list for PBXProject "UberCheckout" */;
			compatibilityVersion = "Xcode 3.2";
			developmentRegion = English;
			hasScannedForEncodings = 0;
			knownRegions = (
				en,
			);
			mainGroup = 9FFC3AEA15D879B50020D215;
			productRefGroup = 9FFC3AF615D879B50020D215 /* Products */;
			projectDirPath = "";
			projectRoot = "";
			targets = (
				9FFC3AF415D879B50020D215 /* UberCheckout */,
			);
		};
/* End PBXProject section */

/* Begin PBXResourcesBuildPhase section */
		9FFC3AF315D879B50020D215 /* Resources */ = {
			isa = PBXResourcesBuildPhase;
			buildActionMask = 2147483647;
			files = (
				9FFC3B0415D879B50020D215 /* InfoPlist.strings in Resources */,
				9FFC3B0D15D879B50020D215 /* MainStoryboard.storyboard in Resources */,
				9FFC3B1E15D87F1B0020D215 /* 74-location.png in Resources */,
			);
			runOnlyForDeploymentPostprocessing = 0;
		};
/* End PBXResourcesBuildPhase section */

/* Begin PBXSourcesBuildPhase section */
		9FFC3AF115D879B50020D215 /* Sources */ = {
			isa = PBXSourcesBuildPhase;
			buildActionMask = 2147483647;
			files = (
				9FFC3B0615D879B50020D215 /* main.m in Sources */,
				9FFC3B0A15D879B50020D215 /* UCAppDelegate.m in Sources */,
				9FFC3B1015D879B50020D215 /* UCMasterViewController.m in Sources */,
				9FFC3B1315D879B50020D215 /* UCDetailViewController.m in Sources */,
			);
			runOnlyForDeploymentPostprocessing = 0;
		};
/* End PBXSourcesBuildPhase section */

/* Begin PBXVariantGroup section */
		9FFC3B0215D879B50020D215 /* InfoPlist.strings */ = {
			isa = PBXVariantGroup;
			children = (
				9FFC3B0315D879B50020D215 /* en */,
			);
			name = InfoPlist.strings;
			sourceTree = "<group>";
		};
		9FFC3B0B15D879B50020D215 /* MainStoryboard.storyboard */ = {
			isa = PBXVariantGroup;
			children = (
				9FFC3B0C15D879B50020D215 /* en */,
			);
			name = MainStoryboard.storyboard;
			sourceTree = "<group>";
		};
/* End PBXVariantGroup section */

/* Begin XCBuildConfiguration section */
		9FFC3B1415D879B50020D215 /* Debug */ = {
			isa = XCBuildConfiguration;
			buildSettings = {
				ALWAYS_SEARCH_USER_PATHS = NO;
				ARCHS = "$(ARCHS_STANDARD_32_BIT)";
				CLANG_CXX_LANGUAGE_STANDARD = "gnu++0x";
				CLANG_ENABLE_OBJC_ARC = YES;
				CLANG_WARN__DUPLICATE_METHOD_MATCH = YES;
				"CODE_SIGN_IDENTITY[sdk=iphoneos*]" = "iPhone Developer";
				COPY_PHASE_STRIP = NO;
				GCC_C_LANGUAGE_STANDARD = gnu99;
				GCC_DYNAMIC_NO_PIC = NO;
				GCC_OPTIMIZATION_LEVEL = 0;
				GCC_PREPROCESSOR_DEFINITIONS = (
					"DEBUG=1",
					"$(inherited)",
				);
				GCC_SYMBOLS_PRIVATE_EXTERN = NO;
				GCC_VERSION = com.apple.compilers.llvm.clang.1_0;
				GCC_WARN_ABOUT_RETURN_TYPE = YES;
				GCC_WARN_UNINITIALIZED_AUTOS = YES;
				GCC_WARN_UNUSED_VARIABLE = YES;
				IPHONEOS_DEPLOYMENT_TARGET = 5.1;
				SDKROOT = iphoneos;
			};
			name = Debug;
		};
		9FFC3B1515D879B50020D215 /* Release */ = {
			isa = XCBuildConfiguration;
			buildSettings = {
				ALWAYS_SEARCH_USER_PATHS = NO;
				ARCHS = "$(ARCHS_STANDARD_32_BIT)";
				CLANG_CXX_LANGUAGE_STANDARD = "gnu++0x";
				CLANG_ENABLE_OBJC_ARC = YES;
				CLANG_WARN__DUPLICATE_METHOD_MATCH = YES;
				"CODE_SIGN_IDENTITY[sdk=iphoneos*]" = "iPhone Developer";
				COPY_PHASE_STRIP = YES;
				GCC_C_LANGUAGE_STANDARD = gnu99;
				GCC_VERSION = com.apple.compilers.llvm.clang.1_0;
				GCC_WARN_ABOUT_RETURN_TYPE = YES;
				GCC_WARN_UNINITIALIZED_AUTOS = YES;
				GCC_WARN_UNUSED_VARIABLE = YES;
				IPHONEOS_DEPLOYMENT_TARGET = 5.1;
				OTHER_CFLAGS = "-DNS_BLOCK_ASSERTIONS=1";
				SDKROOT = iphoneos;
				VALIDATE_PRODUCT = YES;
			};
			name = Release;
		};
		9FFC3B1715D879B50020D215 /* Debug */ = {
			isa = XCBuildConfiguration;
			buildSettings = {
				GCC_PRECOMPILE_PREFIX_HEADER = YES;
				GCC_PREFIX_HEADER = "UberCheckout/UberCheckout-Prefix.pch";
				INFOPLIST_FILE = "UberCheckout/UberCheckout-Info.plist";
				PRODUCT_NAME = "$(TARGET_NAME)";
				WRAPPER_EXTENSION = app;
			};
			name = Debug;
		};
		9FFC3B1815D879B50020D215 /* Release */ = {
			isa = XCBuildConfiguration;
			buildSettings = {
				GCC_PRECOMPILE_PREFIX_HEADER = YES;
				GCC_PREFIX_HEADER = "UberCheckout/UberCheckout-Prefix.pch";
				INFOPLIST_FILE = "UberCheckout/UberCheckout-Info.plist";
				PRODUCT_NAME = "$(TARGET_NAME)";
				WRAPPER_EXTENSION = app;
			};
			name = Release;
		};
/* End XCBuildConfiguration section */

/* Begin XCConfigurationList section */
		9FFC3AEF15D879B50020D215 /* Build configuration list for PBXProject "UberCheckout" */ = {
			isa = XCConfigurationList;
			buildConfigurations = (
				9FFC3B1415D879B50020D215 /* Debug */,
				9FFC3B1515D879B50020D215 /* Release */,
			);
			defaultConfigurationIsVisible = 0;
			defaultConfigurationName = Release;
		};
		9FFC3B1615D879B50020D215 /* Build configuration list for PBXNativeTarget "UberCheckout" */ = {
			isa = XCConfigurationList;
			buildConfigurations = (
				9FFC3B1715D879B50020D215 /* Debug */,
				9FFC3B1815D879B50020D215 /* Release */,
			);
			defaultConfigurationIsVisible = 0;
			defaultConfigurationName = Release;
		};
/* End XCConfigurationList section */
	};
	rootObject = 9FFC3AEC15D879B50020D215 /* Project object */;
}
